
Microsoft Visual Studio Solution File, Format Version 12.00
# Visual Studio Version 16
VisualStudioVersion = 16.0.31105.61
MinimumVisualStudioVersion = 10.0.40219.1
Project("{9A19103F-16F7-4668-BE54-9A1E7A4F7556}") = "NewPeople", "NewPeople\NewPeople.csproj", "{CBD164EE-7266-4869-8C9C-03337933296F}"
EndProject
Project("{FAE04EC0-301F-11D3-BF4B-00C04F79EFBC}") = "DependencyInjection", "DependencyInjection\DependencyInjection.csproj", "{387F0EE4-5AE5-4A50-8689-CC209060C3F3}"
EndProject
Project("{FAE04EC0-301F-11D3-BF4B-00C04F79EFBC}") = "DepInj2", "DepInj2\DepInj2.csproj", "{4DE6576C-22BD-45F9-88CF-1A6F9315E6DA}"
EndProject
Global
	GlobalSection(SolutionConfigurationPlatforms) = preSolution
		Debug|Any CPU = Debug|Any CPU
		Release|Any CPU = Release|Any CPU
	EndGlobalSection
	GlobalSection(ProjectConfigurationPlatforms) = postSolution
		{CBD164EE-7266-4869-8C9C-03337933296F}.Debug|Any CPU.ActiveCfg = Debug|Any CPU
		{CBD164EE-7266-4869-8C9C-03337933296F}.Debug|Any CPU.Build.0 = Debug|Any CPU
		{CBD164EE-7266-4869-8C9C-03337933296F}.Release|Any CPU.ActiveCfg = Release|Any CPU
		{CBD164EE-7266-4869-8C9C-03337933296F}.Release|Any CPU.Build.0 = Release|Any CPU
		{387F0EE4-5AE5-4A50-8689-CC209060C3F3}.Debug|Any CPU.ActiveCfg = Debug|Any CPU
		{387F0EE4-5AE5-4A50-8689-CC209060C3F3}.Debug|Any CPU.Build.0 = Debug|Any CPU
		{387F0EE4-5AE5-4A50-8689-CC209060C3F3}.Release|Any CPU.ActiveCfg = Release|Any CPU
		{387F0EE4-5AE5-4A50-8689-CC209060C3F3}.Release|Any CPU.Build.0 = Release|Any CPU
		{4DE6576C-22BD-45F9-88CF-1A6F9315E6DA}.Debug|Any CPU.ActiveCfg = Debug|Any CPU
		{4DE6576C-22BD-45F9-88CF-1A6F9315E6DA}.Debug|Any CPU.Build.0 = Debug|Any CPU
		{4DE6576C-22BD-45F9-88CF-1A6F9315E6DA}.Release|Any CPU.ActiveCfg = Release|Any CPU
		{4DE6576C-22BD-45F9-88CF-1A6F9315E6DA}.Release|Any CPU.Build.0 = Release|Any CPU
	EndGlobalSection
	GlobalSection(SolutionProperties) = preSolution
		HideSolutionNode = FALSE
	EndGlobalSection
	GlobalSection(ExtensibilityGlobals) = postSolution
		SolutionGuid = {E72097E0-F674-448A-8181-2F81DC3B1E4E}
	EndGlobalSection
EndGlobal
